attrs==25.3.0
certifi==2025.7.14
cfgv==3.4.0
charset-normalizer==3.4.2
-e file:///app
check-jsonschema==0.33.2
click==8.2.1
distlib==0.4.0
filelock==3.18.0
identify==2.6.12
idna==3.10
iniconfig==2.1.0
jsonschema==4.25.0
jsonschema-specifications==2025.4.1
nodeenv==1.9.1
packaging==25.0
platformdirs==4.3.8
pluggy==1.6.0
pre-commit==4.2.0
pygments==2.19.2
pytest==8.4.1
pyyaml==6.0.2
referencing==0.36.2
regress==2025.5.1
requests==2.32.4
rpds-py==0.26.0
ruamel-yaml==0.18.14
ruamel-yaml-clib==0.2.12
typing-extensions==4.14.1
urllib3==2.5.0
virtualenv==20.32.0
